
Microsoft Visual Studio Solution File, Format Version 12.00
# Visual Studio 15
VisualStudioVersion = 15.0.26403.7
MinimumVisualStudioVersion = 10.0.40219.1
Project("{9A19103F-16F7-4668-BE54-9A1E7A4F7556}") = "AzureADBearerAuthentication", "AzureADBearerAuthentication\AzureADBearerAuthentication.csproj", "{6CBDF6C2-6A27-4C34-8E83-9A8F49E2F259}"
EndProject
Project("{9A19103F-16F7-4668-BE54-9A1E7A4F7556}") = "AzureADBearerAuthentication.Tests", "AzureADBearerAuthentication.Tests\AzureADBearerAuthentication.Tests.csproj", "{3537D27F-B43C-4E61-8091-9043772F50FE}"
EndProject
Global
	GlobalSection(SolutionConfigurationPlatforms) = preSolution
		Debug|Any CPU = Debug|Any CPU
		Release|Any CPU = Release|Any CPU
	EndGlobalSection
	GlobalSection(ProjectConfigurationPlatforms) = postSolution
		{6CBDF6C2-6A27-4C34-8E83-9A8F49E2F259}.Debug|Any CPU.ActiveCfg = Debug|Any CPU
		{6CBDF6C2-6A27-4C34-8E83-9A8F49E2F259}.Debug|Any CPU.Build.0 = Debug|Any CPU
		{6CBDF6C2-6A27-4C34-8E83-9A8F49E2F259}.Release|Any CPU.ActiveCfg = Release|Any CPU
		{6CBDF6C2-6A27-4C34-8E83-9A8F49E2F259}.Release|Any CPU.Build.0 = Release|Any CPU
		{3537D27F-B43C-4E61-8091-9043772F50FE}.Debug|Any CPU.ActiveCfg = Debug|Any CPU
		{3537D27F-B43C-4E61-8091-9043772F50FE}.Debug|Any CPU.Build.0 = Debug|Any CPU
		{3537D27F-B43C-4E61-8091-9043772F50FE}.Release|Any CPU.ActiveCfg = Release|Any CPU
		{3537D27F-B43C-4E61-8091-9043772F50FE}.Release|Any CPU.Build.0 = Release|Any CPU
	EndGlobalSection
	GlobalSection(SolutionProperties) = preSolution
		HideSolutionNode = FALSE
	EndGlobalSection
EndGlobal
